
Microsoft Visual Studio Solution File, Format Version 12.00
# Visual Studio Version 16
VisualStudioVersion = 16.0.31129.286
MinimumVisualStudioVersion = 10.0.40219.1
Project("{FAE04EC0-301F-11D3-BF4B-00C04F79EFBC}") = "API", "API\API.csproj", "{4784D26B-740D-4BE0-84E8-E9F59E46B170}"
EndProject
Project("{FAE04EC0-301F-11D3-BF4B-00C04F79EFBC}") = "DataAccesLibrary", "DataAccesLibrary\DataAccesLibrary.csproj", "{28AF5CAC-A9BD-4AD0-93D5-E2C13D8704B2}"
EndProject
Global
	GlobalSection(SolutionConfigurationPlatforms) = preSolution
		Debug|Any CPU = Debug|Any CPU
		Release|Any CPU = Release|Any CPU
	EndGlobalSection
	GlobalSection(ProjectConfigurationPlatforms) = postSolution
		{4784D26B-740D-4BE0-84E8-E9F59E46B170}.Debug|Any CPU.ActiveCfg = Debug|Any CPU
		{4784D26B-740D-4BE0-84E8-E9F59E46B170}.Debug|Any CPU.Build.0 = Debug|Any CPU
		{4784D26B-740D-4BE0-84E8-E9F59E46B170}.Release|Any CPU.ActiveCfg = Release|Any CPU
		{4784D26B-740D-4BE0-84E8-E9F59E46B170}.Release|Any CPU.Build.0 = Release|Any CPU
		{28AF5CAC-A9BD-4AD0-93D5-E2C13D8704B2}.Debug|Any CPU.ActiveCfg = Debug|Any CPU
		{28AF5CAC-A9BD-4AD0-93D5-E2C13D8704B2}.Debug|Any CPU.Build.0 = Debug|Any CPU
		{28AF5CAC-A9BD-4AD0-93D5-E2C13D8704B2}.Release|Any CPU.ActiveCfg = Release|Any CPU
		{28AF5CAC-A9BD-4AD0-93D5-E2C13D8704B2}.Release|Any CPU.Build.0 = Release|Any CPU
	EndGlobalSection
	GlobalSection(SolutionProperties) = preSolution
		HideSolutionNode = FALSE
	EndGlobalSection
	GlobalSection(ExtensibilityGlobals) = postSolution
		SolutionGuid = {7FCF66D5-7A70-4AD8-9228-595BEF56311F}
	EndGlobalSection
EndGlobal
